# THIS IS AN AUTOGENERATED FILE. DO NOT EDIT THIS FILE DIRECTLY.
# yarn lockfile v1


"@types/d3-array@*":
  version "1.2.1"
  resolved "https://registry.yarnpkg.com/@types/d3-array/-/d3-array-1.2.1.tgz#e489605208d46a1c9d980d2e5772fa9c75d9ec65"

"@types/d3-axis@*":
  version "1.0.9"
  resolved "https://registry.yarnpkg.com/@types/d3-axis/-/d3-axis-1.0.9.tgz#62ce7bc8d04354298cda57f3f1d1f856ad69b89a"
  dependencies:
    "@types/d3-selection" "*"

"@types/d3-brush@*":
  version "1.0.7"
  resolved "https://registry.yarnpkg.com/@types/d3-brush/-/d3-brush-1.0.7.tgz#05c30440f4d537fd23f976b0e6c4ba223001ef45"
  dependencies:
    "@types/d3-selection" "*"

"@types/d3-chord@*":
  version "1.0.6"
  resolved "https://registry.yarnpkg.com/@types/d3-chord/-/d3-chord-1.0.6.tgz#0589eb97a3191f4edaf17b7bde498462890ce1ec"

"@types/d3-collection@*":
  version "1.0.5"
  resolved "https://registry.yarnpkg.com/@types/d3-collection/-/d3-collection-1.0.5.tgz#bb1f3aa97cdc8d881645541b9d6cf87edfee9bc3"

"@types/d3-color@*":
  version "1.0.5"
  resolved "https://registry.yarnpkg.com/@types/d3-color/-/d3-color-1.0.5.tgz#cad755f0fc6de7b70fa6e5e08afa81ef4c2248de"

"@types/d3-dispatch@*":
  version "1.0.5"
  resolved "https://registry.yarnpkg.com/@types/d3-dispatch/-/d3-dispatch-1.0.5.tgz#f1f9187b538ecb05157569d8dc2f70dfb04f1b52"

"@types/d3-drag@*":
  version "1.1.0"
  resolved "https://registry.yarnpkg.com/@types/d3-drag/-/d3-drag-1.1.0.tgz#9105e35ca58aa0c4783f3ce83082bcb24ccb6960"
  dependencies:
    "@types/d3-selection" "*"

"@types/d3-dsv@*":
  version "1.0.30"
  resolved "https://registry.yarnpkg.com/@types/d3-dsv/-/d3-dsv-1.0.30.tgz#78e0dddde4283566f463e51551a97a63c170d5a8"

"@types/d3-ease@*":
  version "1.0.7"
  resolved "https://registry.yarnpkg.com/@types/d3-ease/-/d3-ease-1.0.7.tgz#93a301868be9e15061f3d44343b1ab3f8acb6f09"

"@types/d3-force@*":
  version "1.0.7"
  resolved "https://registry.yarnpkg.com/@types/d3-force/-/d3-force-1.0.7.tgz#8e3c533697143ebb70275d56840206e8ba789185"

"@types/d3-format@*":
  version "1.2.1"
  resolved "https://registry.yarnpkg.com/@types/d3-format/-/d3-format-1.2.1.tgz#9435fb1771d2fbf6a858c93218f4097c9aa396c1"

"@types/d3-geo@*":
  version "1.6.3"
  resolved "https://registry.yarnpkg.com/@types/d3-geo/-/d3-geo-1.6.3.tgz#21b501d1fe224d88877f39f84cb8c9dd8aa1bf28"
  dependencies:
    "@types/geojson" "*"

"@types/d3-hierarchy@*":
  version "1.1.0"
  resolved "https://registry.yarnpkg.com/@types/d3-hierarchy/-/d3-hierarchy-1.1.0.tgz#50f1ee052840638035cbdd4acab1fc3470905907"

"@types/d3-interpolate@*":
  version "1.1.6"
  resolved "https://registry.yarnpkg.com/@types/d3-interpolate/-/d3-interpolate-1.1.6.tgz#64041b15c9c032c348da1b22baabc59fa4d16136"
  dependencies:
    "@types/d3-color" "*"

"@types/d3-path@*":
  version "1.0.6"
  resolved "https://registry.yarnpkg.com/@types/d3-path/-/d3-path-1.0.6.tgz#c1a7d2dc07b295fdd1c84dabe4404df991b48693"

"@types/d3-polygon@*":
  version "1.0.5"
  resolved "https://registry.yarnpkg.com/@types/d3-polygon/-/d3-polygon-1.0.5.tgz#35ad54ed84c39d7e9f1252b6535be600be6cace2"

"@types/d3-quadtree@*":
  version "1.0.5"
  resolved "https://registry.yarnpkg.com/@types/d3-quadtree/-/d3-quadtree-1.0.5.tgz#1ce1e659eae4530df0cb127f297f1741a367a82e"

"@types/d3-queue@*":
  version "3.0.5"
  resolved "https://registry.yarnpkg.com/@types/d3-queue/-/d3-queue-3.0.5.tgz#3e4cbe2aff61db6a0b2b8c4800299e4ec6acc850"

"@types/d3-random@*":
  version "1.1.0"
  resolved "https://registry.yarnpkg.com/@types/d3-random/-/d3-random-1.1.0.tgz#2dd08f1159c70719270e4a7c834af85c8b88d2c3"

"@types/d3-request@*":
  version "1.0.2"
  resolved "https://registry.yarnpkg.com/@types/d3-request/-/d3-request-1.0.2.tgz#db9db8154f47816584706c6e6f702be66f22f4be"
  dependencies:
    "@types/d3-dsv" "*"

"@types/d3-scale@*":
  version "1.0.10"
  resolved "https://registry.yarnpkg.com/@types/d3-scale/-/d3-scale-1.0.10.tgz#8c5c1dca54a159eed042b46719dbb3bdb7e8c842"
  dependencies:
    "@types/d3-time" "*"

"@types/d3-selection@*":
  version "1.1.0"
  resolved "https://registry.yarnpkg.com/@types/d3-selection/-/d3-selection-1.1.0.tgz#59b88f10d2cff7d9ffd7fe986b3aaef3de048224"

"@types/d3-shape@*":
  version "1.2.1"
  resolved "https://registry.yarnpkg.com/@types/d3-shape/-/d3-shape-1.2.1.tgz#cac2d9f0122f173220c32c8c152dc42ee9349df2"
  dependencies:
    "@types/d3-path" "*"

"@types/d3-time-format@*":
  version "2.0.5"
  resolved "https://registry.yarnpkg.com/@types/d3-time-format/-/d3-time-format-2.0.5.tgz#1d4c5ba77ed5352b10c7fce062c883382f1e16e0"

"@types/d3-time@*":
  version "1.0.7"
  resolved "https://registry.yarnpkg.com/@types/d3-time/-/d3-time-1.0.7.tgz#4266d7c9be15fa81256a88d1d052d61cd8dc572c"

"@types/d3-timer@*":
  version "1.0.6"
  resolved "https://registry.yarnpkg.com/@types/d3-timer/-/d3-timer-1.0.6.tgz#786d4e20731adf03af2c5df6c86fe29667fe429b"

"@types/d3-transition@*":
  version "1.1.0"
  resolved "https://registry.yarnpkg.com/@types/d3-transition/-/d3-transition-1.1.0.tgz#74475d4a8f8a0944a517d5ef861970cc30287e40"
  dependencies:
    "@types/d3-selection" "*"

"@types/d3-voronoi@*":
  version "1.1.7"
  resolved "https://registry.yarnpkg.com/@types/d3-voronoi/-/d3-voronoi-1.1.7.tgz#c0a145cf04395927e01706ff6c4ff835c97a8ece"

"@types/d3-zoom@*":
  version "1.5.0"
  resolved "https://registry.yarnpkg.com/@types/d3-zoom/-/d3-zoom-1.5.0.tgz#21f690b25a8419fd1bcc95ac629cefdfb462c70f"
  dependencies:
    "@types/d3-interpolate" "*"
    "@types/d3-selection" "*"

"@types/d3@^4.10.0":
  version "4.10.0"
  resolved "https://registry.yarnpkg.com/@types/d3/-/d3-4.10.0.tgz#721d8f984ba4bc192b1c1aca3834b31cc31fa9d3"
  dependencies:
    "@types/d3-array" "*"
    "@types/d3-axis" "*"
    "@types/d3-brush" "*"
    "@types/d3-chord" "*"
    "@types/d3-collection" "*"
    "@types/d3-color" "*"
    "@types/d3-dispatch" "*"
    "@types/d3-drag" "*"
    "@types/d3-dsv" "*"
    "@types/d3-ease" "*"
    "@types/d3-force" "*"
    "@types/d3-format" "*"
    "@types/d3-geo" "*"
    "@types/d3-hierarchy" "*"
    "@types/d3-interpolate" "*"
    "@types/d3-path" "*"
    "@types/d3-polygon" "*"
    "@types/d3-quadtree" "*"
    "@types/d3-queue" "*"
    "@types/d3-random" "*"
    "@types/d3-request" "*"
    "@types/d3-scale" "*"
    "@types/d3-selection" "*"
    "@types/d3-shape" "*"
    "@types/d3-time" "*"
    "@types/d3-time-format" "*"
    "@types/d3-timer" "*"
    "@types/d3-transition" "*"
    "@types/d3-voronoi" "*"
    "@types/d3-zoom" "*"

"@types/geojson@*":
  version "1.0.3"
  resolved "https://registry.yarnpkg.com/@types/geojson/-/geojson-1.0.3.tgz#fbcf7fa5eb6dd108d51385cc6987ec1f24214523"

acorn@^5.1.1:
  version "5.1.2"
  resolved "https://registry.yarnpkg.com/acorn/-/acorn-5.1.2.tgz#911cb53e036807cf0fa778dc5d370fbd864246d7"

arr-diff@^2.0.0:
  version "2.0.0"
  resolved "https://registry.yarnpkg.com/arr-diff/-/arr-diff-2.0.0.tgz#8f3b827f955a8bd669697e4a4256ac3ceae356cf"
  dependencies:
    arr-flatten "^1.0.1"

arr-flatten@^1.0.1:
  version "1.1.0"
  resolved "https://registry.yarnpkg.com/arr-flatten/-/arr-flatten-1.1.0.tgz#36048bbff4e7b47e136644316c99669ea5ae91f1"

array-unique@^0.2.1:
  version "0.2.1"
  resolved "https://registry.yarnpkg.com/array-unique/-/array-unique-0.2.1.tgz#a1d97ccafcbc2625cc70fadceb36a50c58b01a53"

balanced-match@^1.0.0:
  version "1.0.0"
  resolved "https://registry.yarnpkg.com/balanced-match/-/balanced-match-1.0.0.tgz#89b4d199ab2bee49de164ea02b89ce462d71b767"

brace-expansion@^1.1.7:
  version "1.1.8"
  resolved "https://registry.yarnpkg.com/brace-expansion/-/brace-expansion-1.1.8.tgz#c07b211c7c952ec1f8efd51a77ef0d1d3990a292"
  dependencies:
    balanced-match "^1.0.0"
    concat-map "0.0.1"

braces@^1.8.2:
  version "1.8.5"
  resolved "https://registry.yarnpkg.com/braces/-/braces-1.8.5.tgz#ba77962e12dff969d6b76711e914b737857bf6a7"
  dependencies:
    expand-range "^1.8.1"
    preserve "^0.2.0"
    repeat-element "^1.1.2"

browser-resolve@^1.11.0:
  version "1.11.2"
  resolved "https://registry.yarnpkg.com/browser-resolve/-/browser-resolve-1.11.2.tgz#8ff09b0a2c421718a1051c260b32e48f442938ce"
  dependencies:
    resolve "1.1.7"

builtin-modules@^1.1.0:
  version "1.1.1"
  resolved "https://registry.yarnpkg.com/builtin-modules/-/builtin-modules-1.1.1.tgz#270f076c5a72c02f5b65a47df94c5fe3a278892f"

commander@~2.11.0:
  version "2.11.0"
  resolved "https://registry.yarnpkg.com/commander/-/commander-2.11.0.tgz#157152fd1e7a6c8d98a5b715cf376df928004563"

compare-versions@2.0.1:
  version "2.0.1"
  resolved "https://registry.yarnpkg.com/compare-versions/-/compare-versions-2.0.1.tgz#1edc1f93687fd97a325c59f55e45a07db106aca6"

concat-map@0.0.1:
  version "0.0.1"
  resolved "https://registry.yarnpkg.com/concat-map/-/concat-map-0.0.1.tgz#d8a96bd77fd68df7793a73036a3ba0d5405d477b"

d3-dispatch@^1.0.3:
  version "1.0.3"
  resolved "https://registry.yarnpkg.com/d3-dispatch/-/d3-dispatch-1.0.3.tgz#46e1491eaa9b58c358fce5be4e8bed626e7871f8"

estree-walker@^0.2.1:
  version "0.2.1"
  resolved "https://registry.yarnpkg.com/estree-walker/-/estree-walker-0.2.1.tgz#bdafe8095383d8414d5dc2ecf4c9173b6db9412e"

estree-walker@^0.3.0:
  version "0.3.1"
  resolved "https://registry.yarnpkg.com/estree-walker/-/estree-walker-0.3.1.tgz#e6b1a51cf7292524e7237c312e5fe6660c1ce1aa"

estree-walker@^0.5.0:
  version "0.5.0"
  resolved "https://registry.yarnpkg.com/estree-walker/-/estree-walker-0.5.0.tgz#aae3b57c42deb8010e349c892462f0e71c5dd1aa"

expand-brackets@^0.1.4:
  version "0.1.5"
  resolved "https://registry.yarnpkg.com/expand-brackets/-/expand-brackets-0.1.5.tgz#df07284e342a807cd733ac5af72411e581d1177b"
  dependencies:
    is-posix-bracket "^0.1.0"

expand-range@^1.8.1:
  version "1.8.2"
  resolved "https://registry.yarnpkg.com/expand-range/-/expand-range-1.8.2.tgz#a299effd335fe2721ebae8e257ec79644fc85337"
  dependencies:
    fill-range "^2.1.0"

extglob@^0.3.1:
  version "0.3.2"
  resolved "https://registry.yarnpkg.com/extglob/-/extglob-0.3.2.tgz#2e18ff3d2f49ab2765cec9023f011daa8d8349a1"
  dependencies:
    is-extglob "^1.0.0"

filename-regex@^2.0.0:
  version "2.0.1"
  resolved "https://registry.yarnpkg.com/filename-regex/-/filename-regex-2.0.1.tgz#c1c4b9bee3e09725ddb106b75c1e301fe2f18b26"

fill-range@^2.1.0:
  version "2.2.3"
  resolved "https://registry.yarnpkg.com/fill-range/-/fill-range-2.2.3.tgz#50b77dfd7e469bc7492470963699fe7a8485a723"
  dependencies:
    is-number "^2.1.0"
    isobject "^2.0.0"
    randomatic "^1.1.3"
    repeat-element "^1.1.2"
    repeat-string "^1.5.2"

for-in@^1.0.1:
  version "1.0.2"
  resolved "https://registry.yarnpkg.com/for-in/-/for-in-1.0.2.tgz#81068d295a8142ec0ac726c6e2200c30fb6d5e80"

for-own@^0.1.4:
  version "0.1.5"
  resolved "https://registry.yarnpkg.com/for-own/-/for-own-0.1.5.tgz#5265c681a4f294dabbf17c9509b6763aa84510ce"
  dependencies:
    for-in "^1.0.1"

glob-base@^0.3.0:
  version "0.3.0"
  resolved "https://registry.yarnpkg.com/glob-base/-/glob-base-0.3.0.tgz#dbb164f6221b1c0b1ccf82aea328b497df0ea3c4"
  dependencies:
    glob-parent "^2.0.0"
    is-glob "^2.0.0"

glob-parent@^2.0.0:
  version "2.0.0"
  resolved "https://registry.yarnpkg.com/glob-parent/-/glob-parent-2.0.0.tgz#81383d72db054fcccf5336daa902f182f6edbb28"
  dependencies:
    is-glob "^2.0.0"

is-buffer@^1.1.5:
  version "1.1.5"
  resolved "https://registry.yarnpkg.com/is-buffer/-/is-buffer-1.1.5.tgz#1f3b26ef613b214b88cbca23cc6c01d87961eecc"

is-dotfile@^1.0.0:
  version "1.0.3"
  resolved "https://registry.yarnpkg.com/is-dotfile/-/is-dotfile-1.0.3.tgz#a6a2f32ffd2dfb04f5ca25ecd0f6b83cf798a1e1"

is-equal-shallow@^0.1.3:
  version "0.1.3"
  resolved "https://registry.yarnpkg.com/is-equal-shallow/-/is-equal-shallow-0.1.3.tgz#2238098fc221de0bcfa5d9eac4c45d638aa1c534"
  dependencies:
    is-primitive "^2.0.0"

is-extendable@^0.1.1:
  version "0.1.1"
  resolved "https://registry.yarnpkg.com/is-extendable/-/is-extendable-0.1.1.tgz#62b110e289a471418e3ec36a617d472e301dfc89"

is-extglob@^1.0.0:
  version "1.0.0"
  resolved "https://registry.yarnpkg.com/is-extglob/-/is-extglob-1.0.0.tgz#ac468177c4943405a092fc8f29760c6ffc6206c0"

is-glob@^2.0.0, is-glob@^2.0.1:
  version "2.0.1"
  resolved "https://registry.yarnpkg.com/is-glob/-/is-glob-2.0.1.tgz#d096f926a3ded5600f3fdfd91198cb0888c2d863"
  dependencies:
    is-extglob "^1.0.0"

is-module@^1.0.0:
  version "1.0.0"
  resolved "https://registry.yarnpkg.com/is-module/-/is-module-1.0.0.tgz#3258fb69f78c14d5b815d664336b4cffb6441591"

is-number@^2.1.0:
  version "2.1.0"
  resolved "https://registry.yarnpkg.com/is-number/-/is-number-2.1.0.tgz#01fcbbb393463a548f2f466cce16dece49db908f"
  dependencies:
    kind-of "^3.0.2"

is-number@^3.0.0:
  version "3.0.0"
  resolved "https://registry.yarnpkg.com/is-number/-/is-number-3.0.0.tgz#24fd6201a4782cf50561c810276afc7d12d71195"
  dependencies:
    kind-of "^3.0.2"

is-posix-bracket@^0.1.0:
  version "0.1.1"
  resolved "https://registry.yarnpkg.com/is-posix-bracket/-/is-posix-bracket-0.1.1.tgz#3334dc79774368e92f016e6fbc0a88f5cd6e6bc4"

is-primitive@^2.0.0:
  version "2.0.0"
  resolved "https://registry.yarnpkg.com/is-primitive/-/is-primitive-2.0.0.tgz#207bab91638499c07b2adf240a41a87210034575"

isarray@1.0.0:
  version "1.0.0"
  resolved "https://registry.yarnpkg.com/isarray/-/isarray-1.0.0.tgz#bb935d48582cba168c06834957a54a3e07124f11"

isobject@^2.0.0:
  version "2.1.0"
  resolved "https://registry.yarnpkg.com/isobject/-/isobject-2.1.0.tgz#f065561096a3f1da2ef46272f815c840d87e0c89"
  dependencies:
    isarray "1.0.0"

kind-of@^3.0.2:
  version "3.2.2"
  resolved "https://registry.yarnpkg.com/kind-of/-/kind-of-3.2.2.tgz#31ea21a734bab9bbb0f32466d893aea51e4a3c64"
  dependencies:
    is-buffer "^1.1.5"

kind-of@^4.0.0:
  version "4.0.0"
  resolved "https://registry.yarnpkg.com/kind-of/-/kind-of-4.0.0.tgz#20813df3d712928b207378691a45066fae72dd57"
  dependencies:
    is-buffer "^1.1.5"

magic-string@^0.22.4:
  version "0.22.4"
  resolved "https://registry.yarnpkg.com/magic-string/-/magic-string-0.22.4.tgz#31039b4e40366395618c1d6cf8193c53917475ff"
  dependencies:
    vlq "^0.2.1"

micromatch@^2.3.11:
  version "2.3.11"
  resolved "https://registry.yarnpkg.com/micromatch/-/micromatch-2.3.11.tgz#86677c97d1720b363431d04d0d15293bd38c1565"
  dependencies:
    arr-diff "^2.0.0"
    array-unique "^0.2.1"
    braces "^1.8.2"
    expand-brackets "^0.1.4"
    extglob "^0.3.1"
    filename-regex "^2.0.0"
    is-extglob "^1.0.0"
    is-glob "^2.0.1"
    kind-of "^3.0.2"
    normalize-path "^2.0.1"
    object.omit "^2.0.0"
    parse-glob "^3.0.4"
    regex-cache "^0.4.2"

minimatch@^3.0.2:
  version "3.0.4"
  resolved "https://registry.yarnpkg.com/minimatch/-/minimatch-3.0.4.tgz#5166e286457f03306064be5497e8dbb0c3d32083"
  dependencies:
    brace-expansion "^1.1.7"

normalize-path@^2.0.1:
  version "2.1.1"
  resolved "https://registry.yarnpkg.com/normalize-path/-/normalize-path-2.1.1.tgz#1ab28b556e198363a8c1a6f7e6fa20137fe6aed9"
  dependencies:
    remove-trailing-separator "^1.0.1"

object-assign@^4.0.1:
  version "4.1.1"
  resolved "https://registry.yarnpkg.com/object-assign/-/object-assign-4.1.1.tgz#2109adc7965887cfc05cbbd442cac8bfbb360863"

object.omit@^2.0.0:
  version "2.0.1"
  resolved "https://registry.yarnpkg.com/object.omit/-/object.omit-2.0.1.tgz#1a9c744829f39dbb858c76ca3579ae2a54ebd1fa"
  dependencies:
    for-own "^0.1.4"
    is-extendable "^0.1.1"

parse-glob@^3.0.4:
  version "3.0.4"
  resolved "https://registry.yarnpkg.com/parse-glob/-/parse-glob-3.0.4.tgz#b2c376cfb11f35513badd173ef0bb6e3a388391c"
  dependencies:
    glob-base "^0.3.0"
    is-dotfile "^1.0.0"
    is-extglob "^1.0.0"
    is-glob "^2.0.0"

path-parse@^1.0.5:
  version "1.0.5"
  resolved "https://registry.yarnpkg.com/path-parse/-/path-parse-1.0.5.tgz#3c1adf871ea9cd6c9431b6ea2bd74a0ff055c4c1"

preserve@^0.2.0:
  version "0.2.0"
  resolved "https://registry.yarnpkg.com/preserve/-/preserve-0.2.0.tgz#815ed1f6ebc65926f865b310c0713bcb3315ce4b"

prettier@^1.7.0:
  version "1.7.0"
  resolved "https://registry.yarnpkg.com/prettier/-/prettier-1.7.0.tgz#47481588f41f7c90f63938feb202ac82554e7150"

randomatic@^1.1.3:
  version "1.1.7"
  resolved "https://registry.yarnpkg.com/randomatic/-/randomatic-1.1.7.tgz#c7abe9cc8b87c0baa876b19fde83fd464797e38c"
  dependencies:
    is-number "^3.0.0"
    kind-of "^4.0.0"

regex-cache@^0.4.2:
  version "0.4.4"
  resolved "https://registry.yarnpkg.com/regex-cache/-/regex-cache-0.4.4.tgz#75bdc58a2a1496cec48a12835bc54c8d562336dd"
  dependencies:
    is-equal-shallow "^0.1.3"

remove-trailing-separator@^1.0.1:
  version "1.1.0"
  resolved "https://registry.yarnpkg.com/remove-trailing-separator/-/remove-trailing-separator-1.1.0.tgz#c24bce2a283adad5bc3f58e0d48249b92379d8ef"

repeat-element@^1.1.2:
  version "1.1.2"
  resolved "https://registry.yarnpkg.com/repeat-element/-/repeat-element-1.1.2.tgz#ef089a178d1483baae4d93eb98b4f9e4e11d990a"

repeat-string@^1.5.2:
  version "1.6.1"
  resolved "https://registry.yarnpkg.com/repeat-string/-/repeat-string-1.6.1.tgz#8dcae470e1c88abc2d600fff4a776286da75e637"

resolve@1.1.7:
  version "1.1.7"
  resolved "https://registry.yarnpkg.com/resolve/-/resolve-1.1.7.tgz#203114d82ad2c5ed9e8e0411b3932875e889e97b"

resolve@^1.1.6, resolve@^1.4.0:
  version "1.4.0"
  resolved "https://registry.yarnpkg.com/resolve/-/resolve-1.4.0.tgz#a75be01c53da25d934a98ebd0e4c4a7312f92a86"
  dependencies:
    path-parse "^1.0.5"

rollup-plugin-commonjs@^8.2.1:
  version "8.2.1"
  resolved "https://registry.yarnpkg.com/rollup-plugin-commonjs/-/rollup-plugin-commonjs-8.2.1.tgz#5e40c78375eb163c14c76bce69da1750e5905a2e"
  dependencies:
    acorn "^5.1.1"
    estree-walker "^0.5.0"
    magic-string "^0.22.4"
    resolve "^1.4.0"
    rollup-pluginutils "^2.0.1"

rollup-plugin-node-resolve@^3.0.0:
  version "3.0.0"
  resolved "https://registry.yarnpkg.com/rollup-plugin-node-resolve/-/rollup-plugin-node-resolve-3.0.0.tgz#8b897c4c3030d5001277b0514b25d2ca09683ee0"
  dependencies:
    browser-resolve "^1.11.0"
    builtin-modules "^1.1.0"
    is-module "^1.0.0"
    resolve "^1.1.6"

rollup-plugin-typescript@^0.8.1:
  version "0.8.1"
  resolved "https://registry.yarnpkg.com/rollup-plugin-typescript/-/rollup-plugin-typescript-0.8.1.tgz#2ff7eecc21cf6bb2b43fc27e5b688952ce71924a"
  dependencies:
    compare-versions "2.0.1"
    object-assign "^4.0.1"
    rollup-pluginutils "^1.3.1"
    tippex "^2.1.1"
    typescript "^1.8.9"

rollup-plugin-uglify@^2.0.1:
  version "2.0.1"
  resolved "https://registry.yarnpkg.com/rollup-plugin-uglify/-/rollup-plugin-uglify-2.0.1.tgz#67b37ad1efdafbd83af4c36b40c189ee4866c969"
  dependencies:
    uglify-js "^3.0.9"

rollup-pluginutils@^1.3.1:
  version "1.5.2"
  resolved "https://registry.yarnpkg.com/rollup-pluginutils/-/rollup-pluginutils-1.5.2.tgz#1e156e778f94b7255bfa1b3d0178be8f5c552408"
  dependencies:
    estree-walker "^0.2.1"
    minimatch "^3.0.2"

rollup-pluginutils@^2.0.1:
  version "2.0.1"
  resolved "https://registry.yarnpkg.com/rollup-pluginutils/-/rollup-pluginutils-2.0.1.tgz#7ec95b3573f6543a46a6461bd9a7c544525d0fc0"
  dependencies:
    estree-walker "^0.3.0"
    micromatch "^2.3.11"

rollup@^0.50.0:
  version "0.50.0"
  resolved "https://registry.yarnpkg.com/rollup/-/rollup-0.50.0.tgz#4c158f4e780e6cb33ff0dbfc184a52cc58cd5f3b"

snabbdom@^0.7.0:
  version "0.7.0"
  resolved "https://registry.yarnpkg.com/snabbdom/-/snabbdom-0.7.0.tgz#c09e2baa0f8d43d306a3aa7502b62fdde2b4154e"

source-map@~0.5.1:
  version "0.5.7"
  resolved "https://registry.yarnpkg.com/source-map/-/source-map-0.5.7.tgz#8a039d2d1021d22d1ea14c80d8ea468ba2ef3fcc"

tippex@^2.1.1:
  version "2.3.1"
  resolved "https://registry.yarnpkg.com/tippex/-/tippex-2.3.1.tgz#a2fd5b7087d7cbfb20c9806a6c16108c2c0fafda"

typescript@^1.8.9:
  version "1.8.10"
  resolved "https://registry.yarnpkg.com/typescript/-/typescript-1.8.10.tgz#b475d6e0dff0bf50f296e5ca6ef9fbb5c7320f1e"

uglify-js@^3.0.9:
  version "3.1.1"
  resolved "https://registry.yarnpkg.com/uglify-js/-/uglify-js-3.1.1.tgz#e7144307281a1bc38a9a20715090b546c9f44791"
  dependencies:
    commander "~2.11.0"
    source-map "~0.5.1"

vlq@^0.2.1:
  version "0.2.2"
  resolved "https://registry.yarnpkg.com/vlq/-/vlq-0.2.2.tgz#e316d5257b40b86bb43cb8d5fea5d7f54d6b0ca1"
